// !$*UTF8*$!
{
	archiveVersion = 1;
	classes = {
	};
	objectVersion = 46;
	objects = {

/* Begin PBXBuildFile section */
		8E97EEFE1D8F77C5007905C2 /* main.swift in Sources */ = {isa = PBXBuildFile; fileRef = 8E97EEFD1D8F77C5007905C2 /* main.swift */; };
		8E97EF0B1D8F77F9007905C2 /* Day_11_Tests.swift in Sources */ = {isa = PBXBuildFile; fileRef = 8E97EF0A1D8F77F9007905C2 /* Day_11_Tests.swift */; };
		8E97EF111D8F7E87007905C2 /* password.swift in Sources */ = {isa = PBXBuildFile; fileRef = 8E97EF101D8F7E87007905C2 /* password.swift */; };
		8E97EF121D8F7E87007905C2 /* password.swift in Sources */ = {isa = PBXBuildFile; fileRef = 8E97EF101D8F7E87007905C2 /* password.swift */; };
/* End PBXBuildFile section */

/* Begin PBXCopyFilesBuildPhase section */
		8E97EEF81D8F77C5007905C2 /* CopyFiles */ = {
			isa = PBXCopyFilesBuildPhase;
			buildActionMask = 2147483647;
			dstPath = /usr/share/man/man1/;
			dstSubfolderSpec = 0;
			files = (
			);
			runOnlyForDeploymentPostprocessing = 1;
		};
/* End PBXCopyFilesBuildPhase section */

/* Begin PBXFileReference section */
		8E97EEFA1D8F77C5007905C2 /* Day 11 */ = {isa = PBXFileReference; explicitFileType = "compiled.mach-o.executable"; includeInIndex = 0; path = "Day 11"; sourceTree = BUILT_PRODUCTS_DIR; };
		8E97EEFD1D8F77C5007905C2 /* main.swift */ = {isa = PBXFileReference; lastKnownFileType = sourcecode.swift; path = main.swift; sourceTree = "<group>"; };
		8E97EF081D8F77F9007905C2 /* Day 11 Tests.xctest */ = {isa = PBXFileReference; explicitFileType = wrapper.cfbundle; includeInIndex = 0; path = "Day 11 Tests.xctest"; sourceTree = BUILT_PRODUCTS_DIR; };
		8E97EF0A1D8F77F9007905C2 /* Day_11_Tests.swift */ = {isa = PBXFileReference; lastKnownFileType = sourcecode.swift; path = Day_11_Tests.swift; sourceTree = "<group>"; };
		8E97EF0C1D8F77F9007905C2 /* Info.plist */ = {isa = PBXFileReference; lastKnownFileType = text.plist.xml; path = Info.plist; sourceTree = "<group>"; };
		8E97EF101D8F7E87007905C2 /* password.swift */ = {isa = PBXFileReference; fileEncoding = 4; lastKnownFileType = sourcecode.swift; path = password.swift; sourceTree = "<group>"; };
/* End PBXFileReference section */

/* Begin PBXFrameworksBuildPhase section */
		8E97EEF71D8F77C5007905C2 /* Frameworks */ = {
			isa = PBXFrameworksBuildPhase;
			buildActionMask = 2147483647;
			files = (
			);
			runOnlyForDeploymentPostprocessing = 0;
		};
		8E97EF051D8F77F9007905C2 /* Frameworks */ = {
			isa = PBXFrameworksBuildPhase;
			buildActionMask = 2147483647;
			files = (
			);
			runOnlyForDeploymentPostprocessing = 0;
		};
/* End PBXFrameworksBuildPhase section */

/* Begin PBXGroup section */
		8E97EEF11D8F77C5007905C2 = {
			isa = PBXGroup;
			children = (
				8E97EEFC1D8F77C5007905C2 /* Day 11 */,
				8E97EF091D8F77F9007905C2 /* Day 11 Tests */,
				8E97EEFB1D8F77C5007905C2 /* Products */,
			);
			sourceTree = "<group>";
		};
		8E97EEFB1D8F77C5007905C2 /* Products */ = {
			isa = PBXGroup;
			children = (
				8E97EEFA1D8F77C5007905C2 /* Day 11 */,
				8E97EF081D8F77F9007905C2 /* Day 11 Tests.xctest */,
			);
			name = Products;
			sourceTree = "<group>";
		};
		8E97EEFC1D8F77C5007905C2 /* Day 11 */ = {
			isa = PBXGroup;
			children = (
				8E97EEFD1D8F77C5007905C2 /* main.swift */,
				8E97EF101D8F7E87007905C2 /* password.swift */,
			);
			path = "Day 11";
			sourceTree = "<group>";
		};
		8E97EF091D8F77F9007905C2 /* Day 11 Tests */ = {
			isa = PBXGroup;
			children = (
				8E97EF0A1D8F77F9007905C2 /* Day_11_Tests.swift */,
				8E97EF0C1D8F77F9007905C2 /* Info.plist */,
			);
			path = "Day 11 Tests";
			sourceTree = "<group>";
		};
/* End PBXGroup section */

/* Begin PBXNativeTarget section */
		8E97EEF91D8F77C5007905C2 /* Day 11 */ = {
			isa = PBXNativeTarget;
			buildConfigurationList = 8E97EF011D8F77C5007905C2 /* Build configuration list for PBXNativeTarget "Day 11" */;
			buildPhases = (
				8E97EEF61D8F77C5007905C2 /* Sources */,
				8E97EEF71D8F77C5007905C2 /* Frameworks */,
				8E97EEF81D8F77C5007905C2 /* CopyFiles */,
			);
			buildRules = (
			);
			dependencies = (
			);
			name = "Day 11";
			productName = "Day 11";
			productReference = 8E97EEFA1D8F77C5007905C2 /* Day 11 */;
			productType = "com.apple.product-type.tool";
		};
		8E97EF071D8F77F9007905C2 /* Day 11 Tests */ = {
			isa = PBXNativeTarget;
			buildConfigurationList = 8E97EF0D1D8F77F9007905C2 /* Build configuration list for PBXNativeTarget "Day 11 Tests" */;
			buildPhases = (
				8E97EF041D8F77F9007905C2 /* Sources */,
				8E97EF051D8F77F9007905C2 /* Frameworks */,
				8E97EF061D8F77F9007905C2 /* Resources */,
			);
			buildRules = (
			);
			dependencies = (
			);
			name = "Day 11 Tests";
			productName = "Day 11 Tests";
			productReference = 8E97EF081D8F77F9007905C2 /* Day 11 Tests.xctest */;
			productType = "com.apple.product-type.bundle.unit-test";
		};
/* End PBXNativeTarget section */

/* Begin PBXProject section */
		8E97EEF21D8F77C5007905C2 /* Project object */ = {
			isa = PBXProject;
			attributes = {
				LastSwiftUpdateCheck = 0800;
				LastUpgradeCheck = 0800;
				ORGANIZATIONNAME = "Randy Eckenrode";
				TargetAttributes = {
					8E97EEF91D8F77C5007905C2 = {
						CreatedOnToolsVersion = 8.0;
						DevelopmentTeam = CUE75WLJ78;
						ProvisioningStyle = Automatic;
					};
					8E97EF071D8F77F9007905C2 = {
						CreatedOnToolsVersion = 8.0;
						DevelopmentTeam = CUE75WLJ78;
						ProvisioningStyle = Automatic;
					};
				};
			};
			buildConfigurationList = 8E97EEF51D8F77C5007905C2 /* Build configuration list for PBXProject "Day 11" */;
			compatibilityVersion = "Xcode 3.2";
			developmentRegion = English;
			hasScannedForEncodings = 0;
			knownRegions = (
				en,
			);
			mainGroup = 8E97EEF11D8F77C5007905C2;
			productRefGroup = 8E97EEFB1D8F77C5007905C2 /* Products */;
			projectDirPath = "";
			projectRoot = "";
			targets = (
				8E97EEF91D8F77C5007905C2 /* Day 11 */,
				8E97EF071D8F77F9007905C2 /* Day 11 Tests */,
			);
		};
/* End PBXProject section */

/* Begin PBXResourcesBuildPhase section */
		8E97EF061D8F77F9007905C2 /* Resources */ = {
			isa = PBXResourcesBuildPhase;
			buildActionMask = 2147483647;
			files = (
			);
			runOnlyForDeploymentPostprocessing = 0;
		};
/* End PBXResourcesBuildPhase section */

/* Begin PBXSourcesBuildPhase section */
		8E97EEF61D8F77C5007905C2 /* Sources */ = {
			isa = PBXSourcesBuildPhase;
			buildActionMask = 2147483647;
			files = (
				8E97EF111D8F7E87007905C2 /* password.swift in Sources */,
				8E97EEFE1D8F77C5007905C2 /* main.swift in Sources */,
			);
			runOnlyForDeploymentPostprocessing = 0;
		};
		8E97EF041D8F77F9007905C2 /* Sources */ = {
			isa = PBXSourcesBuildPhase;
			buildActionMask = 2147483647;
			files = (
				8E97EF121D8F7E87007905C2 /* password.swift in Sources */,
				8E97EF0B1D8F77F9007905C2 /* Day_11_Tests.swift in Sources */,
			);
			runOnlyForDeploymentPostprocessing = 0;
		};
/* End PBXSourcesBuildPhase section */

/* Begin XCBuildConfiguration section */
		8E97EEFF1D8F77C5007905C2 /* Debug */ = {
			isa = XCBuildConfiguration;
			buildSettings = {
				ALWAYS_SEARCH_USER_PATHS = NO;
				CLANG_ANALYZER_NONNULL = YES;
				CLANG_CXX_LANGUAGE_STANDARD = "gnu++0x";
				CLANG_CXX_LIBRARY = "libc++";
				CLANG_ENABLE_MODULES = YES;
				CLANG_ENABLE_OBJC_ARC = YES;
				CLANG_WARN_BOOL_CONVERSION = YES;
				CLANG_WARN_CONSTANT_CONVERSION = YES;
				CLANG_WARN_DIRECT_OBJC_ISA_USAGE = YES_ERROR;
				CLANG_WARN_DOCUMENTATION_COMMENTS = YES;
				CLANG_WARN_EMPTY_BODY = YES;
				CLANG_WARN_ENUM_CONVERSION = YES;
				CLANG_WARN_INFINITE_RECURSION = YES;
				CLANG_WARN_INT_CONVERSION = YES;
				CLANG_WARN_OBJC_ROOT_CLASS = YES_ERROR;
				CLANG_WARN_SUSPICIOUS_MOVES = YES;
				CLANG_WARN_UNREACHABLE_CODE = YES;
				CLANG_WARN__DUPLICATE_METHOD_MATCH = YES;
				CODE_SIGN_IDENTITY = "-";
				COPY_PHASE_STRIP = NO;
				DEBUG_INFORMATION_FORMAT = dwarf;
				ENABLE_STRICT_OBJC_MSGSEND = YES;
				ENABLE_TESTABILITY = YES;
				GCC_C_LANGUAGE_STANDARD = gnu99;
				GCC_DYNAMIC_NO_PIC = NO;
				GCC_NO_COMMON_BLOCKS = YES;
				GCC_OPTIMIZATION_LEVEL = 0;
				GCC_PREPROCESSOR_DEFINITIONS = (
					"DEBUG=1",
					"$(inherited)",
				);
				GCC_WARN_64_TO_32_BIT_CONVERSION = YES;
				GCC_WARN_ABOUT_RETURN_TYPE = YES_ERROR;
				GCC_WARN_UNDECLARED_SELECTOR = YES;
				GCC_WARN_UNINITIALIZED_AUTOS = YES_AGGRESSIVE;
				GCC_WARN_UNUSED_FUNCTION = YES;
				GCC_WARN_UNUSED_VARIABLE = YES;
				MACOSX_DEPLOYMENT_TARGET = 10.12;
				MTL_ENABLE_DEBUG_INFO = YES;
				ONLY_ACTIVE_ARCH = YES;
				SDKROOT = macosx;
				SWIFT_OPTIMIZATION_LEVEL = "-Onone";
			};
			name = Debug;
		};
		8E97EF001D8F77C5007905C2 /* Release */ = {
			isa = XCBuildConfiguration;
			buildSettings = {
				ALWAYS_SEARCH_USER_PATHS = NO;
				CLANG_ANALYZER_NONNULL = YES;
				CLANG_CXX_LANGUAGE_STANDARD = "gnu++0x";
				CLANG_CXX_LIBRARY = "libc++";
				CLANG_ENABLE_MODULES = YES;
				CLANG_ENABLE_OBJC_ARC = YES;
				CLANG_WARN_BOOL_CONVERSION = YES;
				CLANG_WARN_CONSTANT_CONVERSION = YES;
				CLANG_WARN_DIRECT_OBJC_ISA_USAGE = YES_ERROR;
				CLANG_WARN_DOCUMENTATION_COMMENTS = YES;
				CLANG_WARN_EMPTY_BODY = YES;
				CLANG_WARN_ENUM_CONVERSION = YES;
				CLANG_WARN_INFINITE_RECURSION = YES;
				CLANG_WARN_INT_CONVERSION = YES;
				CLANG_WARN_OBJC_ROOT_CLASS = YES_ERROR;
				CLANG_WARN_SUSPICIOUS_MOVES = YES;
				CLANG_WARN_UNREACHABLE_CODE = YES;
				CLANG_WARN__DUPLICATE_METHOD_MATCH = YES;
				CODE_SIGN_IDENTITY = "-";
				COPY_PHASE_STRIP = NO;
				DEBUG_INFORMATION_FORMAT = "dwarf-with-dsym";
				ENABLE_NS_ASSERTIONS = NO;
				ENABLE_STRICT_OBJC_MSGSEND = YES;
				GCC_C_LANGUAGE_STANDARD = gnu99;
				GCC_NO_COMMON_BLOCKS = YES;
				GCC_WARN_64_TO_32_BIT_CONVERSION = YES;
				GCC_WARN_ABOUT_RETURN_TYPE = YES_ERROR;
				GCC_WARN_UNDECLARED_SELECTOR = YES;
				GCC_WARN_UNINITIALIZED_AUTOS = YES_AGGRESSIVE;
				GCC_WARN_UNUSED_FUNCTION = YES;
				GCC_WARN_UNUSED_VARIABLE = YES;
				MACOSX_DEPLOYMENT_TARGET = 10.12;
				MTL_ENABLE_DEBUG_INFO = NO;
				SDKROOT = macosx;
			};
			name = Release;
		};
		8E97EF021D8F77C5007905C2 /* Debug */ = {
			isa = XCBuildConfiguration;
			buildSettings = {
				DEVELOPMENT_TEAM = CUE75WLJ78;
				PRODUCT_NAME = "$(TARGET_NAME)";
				SWIFT_VERSION = 3.0;
			};
			name = Debug;
		};
		8E97EF031D8F77C5007905C2 /* Release */ = {
			isa = XCBuildConfiguration;
			buildSettings = {
				DEVELOPMENT_TEAM = CUE75WLJ78;
				PRODUCT_NAME = "$(TARGET_NAME)";
				SWIFT_VERSION = 3.0;
			};
			name = Release;
		};
		8E97EF0E1D8F77F9007905C2 /* Debug */ = {
			isa = XCBuildConfiguration;
			buildSettings = {
				COMBINE_HIDPI_IMAGES = YES;
				DEVELOPMENT_TEAM = CUE75WLJ78;
				INFOPLIST_FILE = "Day 11 Tests/Info.plist";
				LD_RUNPATH_SEARCH_PATHS = "$(inherited) @executable_path/../Frameworks @loader_path/../Frameworks";
				PRODUCT_BUNDLE_IDENTIFIER = "com.largeandhighquality.Day-11-Tests";
				PRODUCT_NAME = "$(TARGET_NAME)";
				SWIFT_ACTIVE_COMPILATION_CONDITIONS = DEBUG;
				SWIFT_VERSION = 3.0;
			};
			name = Debug;
		};
		8E97EF0F1D8F77F9007905C2 /* Release */ = {
			isa = XCBuildConfiguration;
			buildSettings = {
				COMBINE_HIDPI_IMAGES = YES;
				DEVELOPMENT_TEAM = CUE75WLJ78;
				INFOPLIST_FILE = "Day 11 Tests/Info.plist";
				LD_RUNPATH_SEARCH_PATHS = "$(inherited) @executable_path/../Frameworks @loader_path/../Frameworks";
				PRODUCT_BUNDLE_IDENTIFIER = "com.largeandhighquality.Day-11-Tests";
				PRODUCT_NAME = "$(TARGET_NAME)";
				SWIFT_OPTIMIZATION_LEVEL = "-Owholemodule";
				SWIFT_VERSION = 3.0;
			};
			name = Release;
		};
/* End XCBuildConfiguration section */

/* Begin XCConfigurationList section */
		8E97EEF51D8F77C5007905C2 /* Build configuration list for PBXProject "Day 11" */ = {
			isa = XCConfigurationList;
			buildConfigurations = (
				8E97EEFF1D8F77C5007905C2 /* Debug */,
				8E97EF001D8F77C5007905C2 /* Release */,
			);
			defaultConfigurationIsVisible = 0;
			defaultConfigurationName = Release;
		};
		8E97EF011D8F77C5007905C2 /* Build configuration list for PBXNativeTarget "Day 11" */ = {
			isa = XCConfigurationList;
			buildConfigurations = (
				8E97EF021D8F77C5007905C2 /* Debug */,
				8E97EF031D8F77C5007905C2 /* Release */,
			);
			defaultConfigurationIsVisible = 0;
		};
		8E97EF0D1D8F77F9007905C2 /* Build configuration list for PBXNativeTarget "Day 11 Tests" */ = {
			isa = XCConfigurationList;
			buildConfigurations = (
				8E97EF0E1D8F77F9007905C2 /* Debug */,
				8E97EF0F1D8F77F9007905C2 /* Release */,
			);
			defaultConfigurationIsVisible = 0;
		};
/* End XCConfigurationList section */
	};
	rootObject = 8E97EEF21D8F77C5007905C2 /* Project object */;
}
