// !$*UTF8*$!
{
	archiveVersion = 1;
	classes = {
	};
	objectVersion = 46;
	objects = {

/* Begin PBXBuildFile section */
		8E200E2A1C2597990097FB8B /* main.swift in Sources */ = {isa = PBXBuildFile; fileRef = 8E200E291C2597990097FB8B /* main.swift */; };
		8E200E371C2597B10097FB8B /* Day_4_Tests.swift in Sources */ = {isa = PBXBuildFile; fileRef = 8E200E361C2597B10097FB8B /* Day_4_Tests.swift */; };
		8E200E451C259BB80097FB8B /* md5.swift in Sources */ = {isa = PBXBuildFile; fileRef = 8E200E441C259BB80097FB8B /* md5.swift */; };
		8E200E461C259BB80097FB8B /* md5.swift in Sources */ = {isa = PBXBuildFile; fileRef = 8E200E441C259BB80097FB8B /* md5.swift */; };
		8E200E4D1C25A4840097FB8B /* md5.swift.txt in Resources */ = {isa = PBXBuildFile; fileRef = 8E200E4C1C25A4840097FB8B /* md5.swift.txt */; };
		8E200E4F1C25A6E20097FB8B /* functions.swift in Sources */ = {isa = PBXBuildFile; fileRef = 8E200E4E1C25A6E20097FB8B /* functions.swift */; };
		8E200E501C25A8360097FB8B /* functions.swift in Sources */ = {isa = PBXBuildFile; fileRef = 8E200E4E1C25A6E20097FB8B /* functions.swift */; };
/* End PBXBuildFile section */

/* Begin PBXCopyFilesBuildPhase section */
		8E200E241C2597990097FB8B /* CopyFiles */ = {
			isa = PBXCopyFilesBuildPhase;
			buildActionMask = 2147483647;
			dstPath = /usr/share/man/man1/;
			dstSubfolderSpec = 0;
			files = (
			);
			runOnlyForDeploymentPostprocessing = 1;
		};
/* End PBXCopyFilesBuildPhase section */

/* Begin PBXFileReference section */
		8E200E261C2597990097FB8B /* Day 4 */ = {isa = PBXFileReference; explicitFileType = "compiled.mach-o.executable"; includeInIndex = 0; path = "Day 4"; sourceTree = BUILT_PRODUCTS_DIR; };
		8E200E291C2597990097FB8B /* main.swift */ = {isa = PBXFileReference; lastKnownFileType = sourcecode.swift; path = main.swift; sourceTree = "<group>"; };
		8E200E341C2597B10097FB8B /* Day 4 Tests.xctest */ = {isa = PBXFileReference; explicitFileType = wrapper.cfbundle; includeInIndex = 0; path = "Day 4 Tests.xctest"; sourceTree = BUILT_PRODUCTS_DIR; };
		8E200E361C2597B10097FB8B /* Day_4_Tests.swift */ = {isa = PBXFileReference; lastKnownFileType = sourcecode.swift; path = Day_4_Tests.swift; sourceTree = "<group>"; };
		8E200E381C2597B10097FB8B /* Info.plist */ = {isa = PBXFileReference; lastKnownFileType = text.plist.xml; path = Info.plist; sourceTree = "<group>"; };
		8E200E3C1C259A940097FB8B /* Day 4-Bridging-Header.h */ = {isa = PBXFileReference; lastKnownFileType = sourcecode.c.h; path = "Day 4-Bridging-Header.h"; sourceTree = "<group>"; };
		8E200E431C259AF70097FB8B /* Day 4 Tests-Bridging-Header.h */ = {isa = PBXFileReference; fileEncoding = 4; lastKnownFileType = sourcecode.c.h; path = "Day 4 Tests-Bridging-Header.h"; sourceTree = "<group>"; };
		8E200E441C259BB80097FB8B /* md5.swift */ = {isa = PBXFileReference; fileEncoding = 4; lastKnownFileType = sourcecode.swift; path = md5.swift; sourceTree = "<group>"; };
		8E200E4C1C25A4840097FB8B /* md5.swift.txt */ = {isa = PBXFileReference; fileEncoding = 4; lastKnownFileType = text; path = md5.swift.txt; sourceTree = "<group>"; };
		8E200E4E1C25A6E20097FB8B /* functions.swift */ = {isa = PBXFileReference; fileEncoding = 4; lastKnownFileType = sourcecode.swift; path = functions.swift; sourceTree = "<group>"; };
/* End PBXFileReference section */

/* Begin PBXFrameworksBuildPhase section */
		8E200E231C2597990097FB8B /* Frameworks */ = {
			isa = PBXFrameworksBuildPhase;
			buildActionMask = 2147483647;
			files = (
			);
			runOnlyForDeploymentPostprocessing = 0;
		};
		8E200E311C2597B10097FB8B /* Frameworks */ = {
			isa = PBXFrameworksBuildPhase;
			buildActionMask = 2147483647;
			files = (
			);
			runOnlyForDeploymentPostprocessing = 0;
		};
/* End PBXFrameworksBuildPhase section */

/* Begin PBXGroup section */
		8E200E1D1C2597990097FB8B = {
			isa = PBXGroup;
			children = (
				8E200E281C2597990097FB8B /* Day 4 */,
				8E200E351C2597B10097FB8B /* Day 4 Tests */,
				8E200E271C2597990097FB8B /* Products */,
			);
			sourceTree = "<group>";
		};
		8E200E271C2597990097FB8B /* Products */ = {
			isa = PBXGroup;
			children = (
				8E200E261C2597990097FB8B /* Day 4 */,
				8E200E341C2597B10097FB8B /* Day 4 Tests.xctest */,
			);
			name = Products;
			sourceTree = "<group>";
		};
		8E200E281C2597990097FB8B /* Day 4 */ = {
			isa = PBXGroup;
			children = (
				8E200E291C2597990097FB8B /* main.swift */,
				8E200E4E1C25A6E20097FB8B /* functions.swift */,
				8E200E441C259BB80097FB8B /* md5.swift */,
				8E200E3C1C259A940097FB8B /* Day 4-Bridging-Header.h */,
			);
			path = "Day 4";
			sourceTree = "<group>";
		};
		8E200E351C2597B10097FB8B /* Day 4 Tests */ = {
			isa = PBXGroup;
			children = (
				8E200E361C2597B10097FB8B /* Day_4_Tests.swift */,
				8E200E431C259AF70097FB8B /* Day 4 Tests-Bridging-Header.h */,
				8E200E4C1C25A4840097FB8B /* md5.swift.txt */,
				8E200E381C2597B10097FB8B /* Info.plist */,
			);
			path = "Day 4 Tests";
			sourceTree = "<group>";
		};
/* End PBXGroup section */

/* Begin PBXNativeTarget section */
		8E200E251C2597990097FB8B /* Day 4 */ = {
			isa = PBXNativeTarget;
			buildConfigurationList = 8E200E2D1C2597990097FB8B /* Build configuration list for PBXNativeTarget "Day 4" */;
			buildPhases = (
				8E200E221C2597990097FB8B /* Sources */,
				8E200E231C2597990097FB8B /* Frameworks */,
				8E200E241C2597990097FB8B /* CopyFiles */,
			);
			buildRules = (
			);
			dependencies = (
			);
			name = "Day 4";
			productName = "Day 4";
			productReference = 8E200E261C2597990097FB8B /* Day 4 */;
			productType = "com.apple.product-type.tool";
		};
		8E200E331C2597B10097FB8B /* Day 4 Tests */ = {
			isa = PBXNativeTarget;
			buildConfigurationList = 8E200E391C2597B10097FB8B /* Build configuration list for PBXNativeTarget "Day 4 Tests" */;
			buildPhases = (
				8E200E301C2597B10097FB8B /* Sources */,
				8E200E311C2597B10097FB8B /* Frameworks */,
				8E200E321C2597B10097FB8B /* Resources */,
			);
			buildRules = (
			);
			dependencies = (
			);
			name = "Day 4 Tests";
			productName = "Day 4 Tests";
			productReference = 8E200E341C2597B10097FB8B /* Day 4 Tests.xctest */;
			productType = "com.apple.product-type.bundle.unit-test";
		};
/* End PBXNativeTarget section */

/* Begin PBXProject section */
		8E200E1E1C2597990097FB8B /* Project object */ = {
			isa = PBXProject;
			attributes = {
				LastSwiftUpdateCheck = 0720;
				LastUpgradeCheck = 0800;
				ORGANIZATIONNAME = "Randy Eckenrode";
				TargetAttributes = {
					8E200E251C2597990097FB8B = {
						CreatedOnToolsVersion = 7.2;
						LastSwiftMigration = 0800;
					};
					8E200E331C2597B10097FB8B = {
						CreatedOnToolsVersion = 7.2;
						LastSwiftMigration = 0800;
					};
				};
			};
			buildConfigurationList = 8E200E211C2597990097FB8B /* Build configuration list for PBXProject "Day 4" */;
			compatibilityVersion = "Xcode 3.2";
			developmentRegion = English;
			hasScannedForEncodings = 0;
			knownRegions = (
				en,
			);
			mainGroup = 8E200E1D1C2597990097FB8B;
			productRefGroup = 8E200E271C2597990097FB8B /* Products */;
			projectDirPath = "";
			projectRoot = "";
			targets = (
				8E200E251C2597990097FB8B /* Day 4 */,
				8E200E331C2597B10097FB8B /* Day 4 Tests */,
			);
		};
/* End PBXProject section */

/* Begin PBXResourcesBuildPhase section */
		8E200E321C2597B10097FB8B /* Resources */ = {
			isa = PBXResourcesBuildPhase;
			buildActionMask = 2147483647;
			files = (
				8E200E4D1C25A4840097FB8B /* md5.swift.txt in Resources */,
			);
			runOnlyForDeploymentPostprocessing = 0;
		};
/* End PBXResourcesBuildPhase section */

/* Begin PBXSourcesBuildPhase section */
		8E200E221C2597990097FB8B /* Sources */ = {
			isa = PBXSourcesBuildPhase;
			buildActionMask = 2147483647;
			files = (
				8E200E451C259BB80097FB8B /* md5.swift in Sources */,
				8E200E2A1C2597990097FB8B /* main.swift in Sources */,
				8E200E4F1C25A6E20097FB8B /* functions.swift in Sources */,
			);
			runOnlyForDeploymentPostprocessing = 0;
		};
		8E200E301C2597B10097FB8B /* Sources */ = {
			isa = PBXSourcesBuildPhase;
			buildActionMask = 2147483647;
			files = (
				8E200E461C259BB80097FB8B /* md5.swift in Sources */,
				8E200E371C2597B10097FB8B /* Day_4_Tests.swift in Sources */,
				8E200E501C25A8360097FB8B /* functions.swift in Sources */,
			);
			runOnlyForDeploymentPostprocessing = 0;
		};
/* End PBXSourcesBuildPhase section */

/* Begin XCBuildConfiguration section */
		8E200E2B1C2597990097FB8B /* Debug */ = {
			isa = XCBuildConfiguration;
			buildSettings = {
				ALWAYS_SEARCH_USER_PATHS = NO;
				CLANG_CXX_LANGUAGE_STANDARD = "gnu++0x";
				CLANG_CXX_LIBRARY = "libc++";
				CLANG_ENABLE_MODULES = YES;
				CLANG_ENABLE_OBJC_ARC = YES;
				CLANG_WARN_BOOL_CONVERSION = YES;
				CLANG_WARN_CONSTANT_CONVERSION = YES;
				CLANG_WARN_DIRECT_OBJC_ISA_USAGE = YES_ERROR;
				CLANG_WARN_EMPTY_BODY = YES;
				CLANG_WARN_ENUM_CONVERSION = YES;
				CLANG_WARN_INT_CONVERSION = YES;
				CLANG_WARN_OBJC_ROOT_CLASS = YES_ERROR;
				CLANG_WARN_UNREACHABLE_CODE = YES;
				CLANG_WARN__DUPLICATE_METHOD_MATCH = YES;
				CODE_SIGN_IDENTITY = "-";
				COPY_PHASE_STRIP = NO;
				DEBUG_INFORMATION_FORMAT = dwarf;
				ENABLE_STRICT_OBJC_MSGSEND = YES;
				ENABLE_TESTABILITY = YES;
				GCC_C_LANGUAGE_STANDARD = gnu99;
				GCC_DYNAMIC_NO_PIC = NO;
				GCC_NO_COMMON_BLOCKS = YES;
				GCC_OPTIMIZATION_LEVEL = 0;
				GCC_PREPROCESSOR_DEFINITIONS = (
					"DEBUG=1",
					"$(inherited)",
				);
				GCC_WARN_64_TO_32_BIT_CONVERSION = YES;
				GCC_WARN_ABOUT_RETURN_TYPE = YES_ERROR;
				GCC_WARN_UNDECLARED_SELECTOR = YES;
				GCC_WARN_UNINITIALIZED_AUTOS = YES_AGGRESSIVE;
				GCC_WARN_UNUSED_FUNCTION = YES;
				GCC_WARN_UNUSED_VARIABLE = YES;
				MACOSX_DEPLOYMENT_TARGET = 10.11;
				MTL_ENABLE_DEBUG_INFO = YES;
				ONLY_ACTIVE_ARCH = YES;
				SDKROOT = macosx;
				SWIFT_OPTIMIZATION_LEVEL = "-Onone";
			};
			name = Debug;
		};
		8E200E2C1C2597990097FB8B /* Release */ = {
			isa = XCBuildConfiguration;
			buildSettings = {
				ALWAYS_SEARCH_USER_PATHS = NO;
				CLANG_CXX_LANGUAGE_STANDARD = "gnu++0x";
				CLANG_CXX_LIBRARY = "libc++";
				CLANG_ENABLE_MODULES = YES;
				CLANG_ENABLE_OBJC_ARC = YES;
				CLANG_WARN_BOOL_CONVERSION = YES;
				CLANG_WARN_CONSTANT_CONVERSION = YES;
				CLANG_WARN_DIRECT_OBJC_ISA_USAGE = YES_ERROR;
				CLANG_WARN_EMPTY_BODY = YES;
				CLANG_WARN_ENUM_CONVERSION = YES;
				CLANG_WARN_INT_CONVERSION = YES;
				CLANG_WARN_OBJC_ROOT_CLASS = YES_ERROR;
				CLANG_WARN_UNREACHABLE_CODE = YES;
				CLANG_WARN__DUPLICATE_METHOD_MATCH = YES;
				CODE_SIGN_IDENTITY = "-";
				COPY_PHASE_STRIP = NO;
				DEBUG_INFORMATION_FORMAT = "dwarf-with-dsym";
				ENABLE_NS_ASSERTIONS = NO;
				ENABLE_STRICT_OBJC_MSGSEND = YES;
				GCC_C_LANGUAGE_STANDARD = gnu99;
				GCC_NO_COMMON_BLOCKS = YES;
				GCC_WARN_64_TO_32_BIT_CONVERSION = YES;
				GCC_WARN_ABOUT_RETURN_TYPE = YES_ERROR;
				GCC_WARN_UNDECLARED_SELECTOR = YES;
				GCC_WARN_UNINITIALIZED_AUTOS = YES_AGGRESSIVE;
				GCC_WARN_UNUSED_FUNCTION = YES;
				GCC_WARN_UNUSED_VARIABLE = YES;
				MACOSX_DEPLOYMENT_TARGET = 10.11;
				MTL_ENABLE_DEBUG_INFO = NO;
				SDKROOT = macosx;
			};
			name = Release;
		};
		8E200E2E1C2597990097FB8B /* Debug */ = {
			isa = XCBuildConfiguration;
			buildSettings = {
				CLANG_ENABLE_MODULES = YES;
				LD_RUNPATH_SEARCH_PATHS = "$(inherited) @executable_path/../Frameworks @loader_path/../Frameworks";
				PRODUCT_NAME = "$(TARGET_NAME)";
				SWIFT_OBJC_BRIDGING_HEADER = "Day 4/Day 4-Bridging-Header.h";
				SWIFT_OPTIMIZATION_LEVEL = "-Onone";
				SWIFT_VERSION = 3.0;
			};
			name = Debug;
		};
		8E200E2F1C2597990097FB8B /* Release */ = {
			isa = XCBuildConfiguration;
			buildSettings = {
				CLANG_ENABLE_MODULES = YES;
				LD_RUNPATH_SEARCH_PATHS = "$(inherited) @executable_path/../Frameworks @loader_path/../Frameworks";
				PRODUCT_NAME = "$(TARGET_NAME)";
				SWIFT_OBJC_BRIDGING_HEADER = "Day 4/Day 4-Bridging-Header.h";
				SWIFT_OPTIMIZATION_LEVEL = "-Owholemodule";
				SWIFT_VERSION = 3.0;
			};
			name = Release;
		};
		8E200E3A1C2597B10097FB8B /* Debug */ = {
			isa = XCBuildConfiguration;
			buildSettings = {
				CLANG_ENABLE_MODULES = YES;
				COMBINE_HIDPI_IMAGES = YES;
				INFOPLIST_FILE = "Day 4 Tests/Info.plist";
				LD_RUNPATH_SEARCH_PATHS = "$(inherited) @executable_path/../Frameworks @loader_path/../Frameworks";
				PRODUCT_BUNDLE_IDENTIFIER = "kenada.Day-4-Tests";
				PRODUCT_NAME = "$(TARGET_NAME)";
				SWIFT_OBJC_BRIDGING_HEADER = "Day 4 Tests/Day 4 Tests-Bridging-Header.h";
				SWIFT_OPTIMIZATION_LEVEL = "-Onone";
				SWIFT_VERSION = 3.0;
			};
			name = Debug;
		};
		8E200E3B1C2597B10097FB8B /* Release */ = {
			isa = XCBuildConfiguration;
			buildSettings = {
				CLANG_ENABLE_MODULES = YES;
				COMBINE_HIDPI_IMAGES = YES;
				INFOPLIST_FILE = "Day 4 Tests/Info.plist";
				LD_RUNPATH_SEARCH_PATHS = "$(inherited) @executable_path/../Frameworks @loader_path/../Frameworks";
				PRODUCT_BUNDLE_IDENTIFIER = "kenada.Day-4-Tests";
				PRODUCT_NAME = "$(TARGET_NAME)";
				SWIFT_OBJC_BRIDGING_HEADER = "Day 4 Tests/Day 4 Tests-Bridging-Header.h";
				SWIFT_OPTIMIZATION_LEVEL = "-Owholemodule";
				SWIFT_VERSION = 3.0;
			};
			name = Release;
		};
/* End XCBuildConfiguration section */

/* Begin XCConfigurationList section */
		8E200E211C2597990097FB8B /* Build configuration list for PBXProject "Day 4" */ = {
			isa = XCConfigurationList;
			buildConfigurations = (
				8E200E2B1C2597990097FB8B /* Debug */,
				8E200E2C1C2597990097FB8B /* Release */,
			);
			defaultConfigurationIsVisible = 0;
			defaultConfigurationName = Release;
		};
		8E200E2D1C2597990097FB8B /* Build configuration list for PBXNativeTarget "Day 4" */ = {
			isa = XCConfigurationList;
			buildConfigurations = (
				8E200E2E1C2597990097FB8B /* Debug */,
				8E200E2F1C2597990097FB8B /* Release */,
			);
			defaultConfigurationIsVisible = 0;
			defaultConfigurationName = Release;
		};
		8E200E391C2597B10097FB8B /* Build configuration list for PBXNativeTarget "Day 4 Tests" */ = {
			isa = XCConfigurationList;
			buildConfigurations = (
				8E200E3A1C2597B10097FB8B /* Debug */,
				8E200E3B1C2597B10097FB8B /* Release */,
			);
			defaultConfigurationIsVisible = 0;
			defaultConfigurationName = Release;
		};
/* End XCConfigurationList section */
	};
	rootObject = 8E200E1E1C2597990097FB8B /* Project object */;
}
