// !$*UTF8*$!
{
	archiveVersion = 1;
	classes = {
	};
	objectVersion = 46;
	objects = {

/* Begin PBXBuildFile section */
		8E359CDB1C2B8F5100B52EC4 /* main.swift in Sources */ = {isa = PBXBuildFile; fileRef = 8E359CDA1C2B8F5100B52EC4 /* main.swift */; };
		8E359CE81C2B8F8D00B52EC4 /* Day_7_Tests.swift in Sources */ = {isa = PBXBuildFile; fileRef = 8E359CE71C2B8F8D00B52EC4 /* Day_7_Tests.swift */; };
		8E359CEE1C2B904400B52EC4 /* vm.swift in Sources */ = {isa = PBXBuildFile; fileRef = 8E359CED1C2B904400B52EC4 /* vm.swift */; };
		8E359CEF1C2B904400B52EC4 /* vm.swift in Sources */ = {isa = PBXBuildFile; fileRef = 8E359CED1C2B904400B52EC4 /* vm.swift */; };
		8E359CF11C2B945000B52EC4 /* statement.swift in Sources */ = {isa = PBXBuildFile; fileRef = 8E359CF01C2B945000B52EC4 /* statement.swift */; };
		8E359CF21C2B945000B52EC4 /* statement.swift in Sources */ = {isa = PBXBuildFile; fileRef = 8E359CF01C2B945000B52EC4 /* statement.swift */; };
/* End PBXBuildFile section */

/* Begin PBXCopyFilesBuildPhase section */
		8E359CD51C2B8F5100B52EC4 /* CopyFiles */ = {
			isa = PBXCopyFilesBuildPhase;
			buildActionMask = 2147483647;
			dstPath = /usr/share/man/man1/;
			dstSubfolderSpec = 0;
			files = (
			);
			runOnlyForDeploymentPostprocessing = 1;
		};
/* End PBXCopyFilesBuildPhase section */

/* Begin PBXFileReference section */
		8E359CD71C2B8F5100B52EC4 /* Day 7 */ = {isa = PBXFileReference; explicitFileType = "compiled.mach-o.executable"; includeInIndex = 0; path = "Day 7"; sourceTree = BUILT_PRODUCTS_DIR; };
		8E359CDA1C2B8F5100B52EC4 /* main.swift */ = {isa = PBXFileReference; lastKnownFileType = sourcecode.swift; path = main.swift; sourceTree = "<group>"; };
		8E359CE51C2B8F8D00B52EC4 /* Day 7 Tests.xctest */ = {isa = PBXFileReference; explicitFileType = wrapper.cfbundle; includeInIndex = 0; path = "Day 7 Tests.xctest"; sourceTree = BUILT_PRODUCTS_DIR; };
		8E359CE71C2B8F8D00B52EC4 /* Day_7_Tests.swift */ = {isa = PBXFileReference; lastKnownFileType = sourcecode.swift; path = Day_7_Tests.swift; sourceTree = "<group>"; };
		8E359CE91C2B8F8D00B52EC4 /* Info.plist */ = {isa = PBXFileReference; lastKnownFileType = text.plist.xml; path = Info.plist; sourceTree = "<group>"; };
		8E359CED1C2B904400B52EC4 /* vm.swift */ = {isa = PBXFileReference; fileEncoding = 4; lastKnownFileType = sourcecode.swift; path = vm.swift; sourceTree = "<group>"; };
		8E359CF01C2B945000B52EC4 /* statement.swift */ = {isa = PBXFileReference; fileEncoding = 4; lastKnownFileType = sourcecode.swift; path = statement.swift; sourceTree = "<group>"; };
/* End PBXFileReference section */

/* Begin PBXFrameworksBuildPhase section */
		8E359CD41C2B8F5100B52EC4 /* Frameworks */ = {
			isa = PBXFrameworksBuildPhase;
			buildActionMask = 2147483647;
			files = (
			);
			runOnlyForDeploymentPostprocessing = 0;
		};
		8E359CE21C2B8F8D00B52EC4 /* Frameworks */ = {
			isa = PBXFrameworksBuildPhase;
			buildActionMask = 2147483647;
			files = (
			);
			runOnlyForDeploymentPostprocessing = 0;
		};
/* End PBXFrameworksBuildPhase section */

/* Begin PBXGroup section */
		8E359CCE1C2B8F5100B52EC4 = {
			isa = PBXGroup;
			children = (
				8E359CD91C2B8F5100B52EC4 /* Day 7 */,
				8E359CE61C2B8F8D00B52EC4 /* Day 7 Tests */,
				8E359CD81C2B8F5100B52EC4 /* Products */,
			);
			sourceTree = "<group>";
		};
		8E359CD81C2B8F5100B52EC4 /* Products */ = {
			isa = PBXGroup;
			children = (
				8E359CD71C2B8F5100B52EC4 /* Day 7 */,
				8E359CE51C2B8F8D00B52EC4 /* Day 7 Tests.xctest */,
			);
			name = Products;
			sourceTree = "<group>";
		};
		8E359CD91C2B8F5100B52EC4 /* Day 7 */ = {
			isa = PBXGroup;
			children = (
				8E359CDA1C2B8F5100B52EC4 /* main.swift */,
				8E359CF01C2B945000B52EC4 /* statement.swift */,
				8E359CED1C2B904400B52EC4 /* vm.swift */,
			);
			path = "Day 7";
			sourceTree = "<group>";
		};
		8E359CE61C2B8F8D00B52EC4 /* Day 7 Tests */ = {
			isa = PBXGroup;
			children = (
				8E359CE71C2B8F8D00B52EC4 /* Day_7_Tests.swift */,
				8E359CE91C2B8F8D00B52EC4 /* Info.plist */,
			);
			path = "Day 7 Tests";
			sourceTree = "<group>";
		};
/* End PBXGroup section */

/* Begin PBXNativeTarget section */
		8E359CD61C2B8F5100B52EC4 /* Day 7 */ = {
			isa = PBXNativeTarget;
			buildConfigurationList = 8E359CDE1C2B8F5100B52EC4 /* Build configuration list for PBXNativeTarget "Day 7" */;
			buildPhases = (
				8E359CD31C2B8F5100B52EC4 /* Sources */,
				8E359CD41C2B8F5100B52EC4 /* Frameworks */,
				8E359CD51C2B8F5100B52EC4 /* CopyFiles */,
			);
			buildRules = (
			);
			dependencies = (
			);
			name = "Day 7";
			productName = "Day 7";
			productReference = 8E359CD71C2B8F5100B52EC4 /* Day 7 */;
			productType = "com.apple.product-type.tool";
		};
		8E359CE41C2B8F8D00B52EC4 /* Day 7 Tests */ = {
			isa = PBXNativeTarget;
			buildConfigurationList = 8E359CEA1C2B8F8D00B52EC4 /* Build configuration list for PBXNativeTarget "Day 7 Tests" */;
			buildPhases = (
				8E359CE11C2B8F8D00B52EC4 /* Sources */,
				8E359CE21C2B8F8D00B52EC4 /* Frameworks */,
				8E359CE31C2B8F8D00B52EC4 /* Resources */,
			);
			buildRules = (
			);
			dependencies = (
			);
			name = "Day 7 Tests";
			productName = "Day 7 Tests";
			productReference = 8E359CE51C2B8F8D00B52EC4 /* Day 7 Tests.xctest */;
			productType = "com.apple.product-type.bundle.unit-test";
		};
/* End PBXNativeTarget section */

/* Begin PBXProject section */
		8E359CCF1C2B8F5100B52EC4 /* Project object */ = {
			isa = PBXProject;
			attributes = {
				LastSwiftUpdateCheck = 0720;
				LastUpgradeCheck = 0720;
				ORGANIZATIONNAME = "Randy Eckenrode";
				TargetAttributes = {
					8E359CD61C2B8F5100B52EC4 = {
						CreatedOnToolsVersion = 7.2;
					};
					8E359CE41C2B8F8D00B52EC4 = {
						CreatedOnToolsVersion = 7.2;
					};
				};
			};
			buildConfigurationList = 8E359CD21C2B8F5100B52EC4 /* Build configuration list for PBXProject "Day 7" */;
			compatibilityVersion = "Xcode 3.2";
			developmentRegion = English;
			hasScannedForEncodings = 0;
			knownRegions = (
				en,
			);
			mainGroup = 8E359CCE1C2B8F5100B52EC4;
			productRefGroup = 8E359CD81C2B8F5100B52EC4 /* Products */;
			projectDirPath = "";
			projectRoot = "";
			targets = (
				8E359CD61C2B8F5100B52EC4 /* Day 7 */,
				8E359CE41C2B8F8D00B52EC4 /* Day 7 Tests */,
			);
		};
/* End PBXProject section */

/* Begin PBXResourcesBuildPhase section */
		8E359CE31C2B8F8D00B52EC4 /* Resources */ = {
			isa = PBXResourcesBuildPhase;
			buildActionMask = 2147483647;
			files = (
			);
			runOnlyForDeploymentPostprocessing = 0;
		};
/* End PBXResourcesBuildPhase section */

/* Begin PBXSourcesBuildPhase section */
		8E359CD31C2B8F5100B52EC4 /* Sources */ = {
			isa = PBXSourcesBuildPhase;
			buildActionMask = 2147483647;
			files = (
				8E359CF11C2B945000B52EC4 /* statement.swift in Sources */,
				8E359CEE1C2B904400B52EC4 /* vm.swift in Sources */,
				8E359CDB1C2B8F5100B52EC4 /* main.swift in Sources */,
			);
			runOnlyForDeploymentPostprocessing = 0;
		};
		8E359CE11C2B8F8D00B52EC4 /* Sources */ = {
			isa = PBXSourcesBuildPhase;
			buildActionMask = 2147483647;
			files = (
				8E359CF21C2B945000B52EC4 /* statement.swift in Sources */,
				8E359CEF1C2B904400B52EC4 /* vm.swift in Sources */,
				8E359CE81C2B8F8D00B52EC4 /* Day_7_Tests.swift in Sources */,
			);
			runOnlyForDeploymentPostprocessing = 0;
		};
/* End PBXSourcesBuildPhase section */

/* Begin XCBuildConfiguration section */
		8E359CDC1C2B8F5100B52EC4 /* Debug */ = {
			isa = XCBuildConfiguration;
			buildSettings = {
				ALWAYS_SEARCH_USER_PATHS = NO;
				CLANG_CXX_LANGUAGE_STANDARD = "gnu++0x";
				CLANG_CXX_LIBRARY = "libc++";
				CLANG_ENABLE_MODULES = YES;
				CLANG_ENABLE_OBJC_ARC = YES;
				CLANG_WARN_BOOL_CONVERSION = YES;
				CLANG_WARN_CONSTANT_CONVERSION = YES;
				CLANG_WARN_DIRECT_OBJC_ISA_USAGE = YES_ERROR;
				CLANG_WARN_EMPTY_BODY = YES;
				CLANG_WARN_ENUM_CONVERSION = YES;
				CLANG_WARN_INT_CONVERSION = YES;
				CLANG_WARN_OBJC_ROOT_CLASS = YES_ERROR;
				CLANG_WARN_UNREACHABLE_CODE = YES;
				CLANG_WARN__DUPLICATE_METHOD_MATCH = YES;
				CODE_SIGN_IDENTITY = "-";
				COPY_PHASE_STRIP = NO;
				DEBUG_INFORMATION_FORMAT = dwarf;
				ENABLE_STRICT_OBJC_MSGSEND = YES;
				ENABLE_TESTABILITY = YES;
				GCC_C_LANGUAGE_STANDARD = gnu99;
				GCC_DYNAMIC_NO_PIC = NO;
				GCC_NO_COMMON_BLOCKS = YES;
				GCC_OPTIMIZATION_LEVEL = 0;
				GCC_PREPROCESSOR_DEFINITIONS = (
					"DEBUG=1",
					"$(inherited)",
				);
				GCC_WARN_64_TO_32_BIT_CONVERSION = YES;
				GCC_WARN_ABOUT_RETURN_TYPE = YES_ERROR;
				GCC_WARN_UNDECLARED_SELECTOR = YES;
				GCC_WARN_UNINITIALIZED_AUTOS = YES_AGGRESSIVE;
				GCC_WARN_UNUSED_FUNCTION = YES;
				GCC_WARN_UNUSED_VARIABLE = YES;
				MACOSX_DEPLOYMENT_TARGET = 10.11;
				MTL_ENABLE_DEBUG_INFO = YES;
				ONLY_ACTIVE_ARCH = YES;
				SDKROOT = macosx;
				SWIFT_OPTIMIZATION_LEVEL = "-Onone";
			};
			name = Debug;
		};
		8E359CDD1C2B8F5100B52EC4 /* Release */ = {
			isa = XCBuildConfiguration;
			buildSettings = {
				ALWAYS_SEARCH_USER_PATHS = NO;
				CLANG_CXX_LANGUAGE_STANDARD = "gnu++0x";
				CLANG_CXX_LIBRARY = "libc++";
				CLANG_ENABLE_MODULES = YES;
				CLANG_ENABLE_OBJC_ARC = YES;
				CLANG_WARN_BOOL_CONVERSION = YES;
				CLANG_WARN_CONSTANT_CONVERSION = YES;
				CLANG_WARN_DIRECT_OBJC_ISA_USAGE = YES_ERROR;
				CLANG_WARN_EMPTY_BODY = YES;
				CLANG_WARN_ENUM_CONVERSION = YES;
				CLANG_WARN_INT_CONVERSION = YES;
				CLANG_WARN_OBJC_ROOT_CLASS = YES_ERROR;
				CLANG_WARN_UNREACHABLE_CODE = YES;
				CLANG_WARN__DUPLICATE_METHOD_MATCH = YES;
				CODE_SIGN_IDENTITY = "-";
				COPY_PHASE_STRIP = NO;
				DEBUG_INFORMATION_FORMAT = "dwarf-with-dsym";
				ENABLE_NS_ASSERTIONS = NO;
				ENABLE_STRICT_OBJC_MSGSEND = YES;
				GCC_C_LANGUAGE_STANDARD = gnu99;
				GCC_NO_COMMON_BLOCKS = YES;
				GCC_WARN_64_TO_32_BIT_CONVERSION = YES;
				GCC_WARN_ABOUT_RETURN_TYPE = YES_ERROR;
				GCC_WARN_UNDECLARED_SELECTOR = YES;
				GCC_WARN_UNINITIALIZED_AUTOS = YES_AGGRESSIVE;
				GCC_WARN_UNUSED_FUNCTION = YES;
				GCC_WARN_UNUSED_VARIABLE = YES;
				MACOSX_DEPLOYMENT_TARGET = 10.11;
				MTL_ENABLE_DEBUG_INFO = NO;
				SDKROOT = macosx;
			};
			name = Release;
		};
		8E359CDF1C2B8F5100B52EC4 /* Debug */ = {
			isa = XCBuildConfiguration;
			buildSettings = {
				PRODUCT_NAME = "$(TARGET_NAME)";
			};
			name = Debug;
		};
		8E359CE01C2B8F5100B52EC4 /* Release */ = {
			isa = XCBuildConfiguration;
			buildSettings = {
				PRODUCT_NAME = "$(TARGET_NAME)";
			};
			name = Release;
		};
		8E359CEB1C2B8F8D00B52EC4 /* Debug */ = {
			isa = XCBuildConfiguration;
			buildSettings = {
				COMBINE_HIDPI_IMAGES = YES;
				INFOPLIST_FILE = "Day 7 Tests/Info.plist";
				LD_RUNPATH_SEARCH_PATHS = "$(inherited) @executable_path/../Frameworks @loader_path/../Frameworks";
				PRODUCT_BUNDLE_IDENTIFIER = "kenada.Day-7-Tests";
				PRODUCT_NAME = "$(TARGET_NAME)";
			};
			name = Debug;
		};
		8E359CEC1C2B8F8D00B52EC4 /* Release */ = {
			isa = XCBuildConfiguration;
			buildSettings = {
				COMBINE_HIDPI_IMAGES = YES;
				INFOPLIST_FILE = "Day 7 Tests/Info.plist";
				LD_RUNPATH_SEARCH_PATHS = "$(inherited) @executable_path/../Frameworks @loader_path/../Frameworks";
				PRODUCT_BUNDLE_IDENTIFIER = "kenada.Day-7-Tests";
				PRODUCT_NAME = "$(TARGET_NAME)";
			};
			name = Release;
		};
/* End XCBuildConfiguration section */

/* Begin XCConfigurationList section */
		8E359CD21C2B8F5100B52EC4 /* Build configuration list for PBXProject "Day 7" */ = {
			isa = XCConfigurationList;
			buildConfigurations = (
				8E359CDC1C2B8F5100B52EC4 /* Debug */,
				8E359CDD1C2B8F5100B52EC4 /* Release */,
			);
			defaultConfigurationIsVisible = 0;
			defaultConfigurationName = Release;
		};
		8E359CDE1C2B8F5100B52EC4 /* Build configuration list for PBXNativeTarget "Day 7" */ = {
			isa = XCConfigurationList;
			buildConfigurations = (
				8E359CDF1C2B8F5100B52EC4 /* Debug */,
				8E359CE01C2B8F5100B52EC4 /* Release */,
			);
			defaultConfigurationIsVisible = 0;
		};
		8E359CEA1C2B8F8D00B52EC4 /* Build configuration list for PBXNativeTarget "Day 7 Tests" */ = {
			isa = XCConfigurationList;
			buildConfigurations = (
				8E359CEB1C2B8F8D00B52EC4 /* Debug */,
				8E359CEC1C2B8F8D00B52EC4 /* Release */,
			);
			defaultConfigurationIsVisible = 0;
		};
/* End XCConfigurationList section */
	};
	rootObject = 8E359CCF1C2B8F5100B52EC4 /* Project object */;
}
