// !$*UTF8*$!
{
	archiveVersion = 1;
	classes = {
	};
	objectVersion = 46;
	objects = {

/* Begin PBXBuildFile section */
		8E272F271C2A62E60010A43E /* day6 input.txt in Resources */ = {isa = PBXBuildFile; fileRef = 8E272F261C2A62E60010A43E /* day6 input.txt */; };
		8E272F281C2A64ED0010A43E /* day6 input.txt in CopyFiles */ = {isa = PBXBuildFile; fileRef = 8E272F261C2A62E60010A43E /* day6 input.txt */; };
		8E7C573E1C2A466700596568 /* main.swift in Sources */ = {isa = PBXBuildFile; fileRef = 8E7C573D1C2A466700596568 /* main.swift */; };
		8E7C574B1C2A468100596568 /* Day_6_Tests.swift in Sources */ = {isa = PBXBuildFile; fileRef = 8E7C574A1C2A468100596568 /* Day_6_Tests.swift */; };
		8E7C57511C2A4A0600596568 /* parser.swift in Sources */ = {isa = PBXBuildFile; fileRef = 8E7C57501C2A4A0600596568 /* parser.swift */; };
		8E7C57521C2A4A0600596568 /* parser.swift in Sources */ = {isa = PBXBuildFile; fileRef = 8E7C57501C2A4A0600596568 /* parser.swift */; };
		8E7C57541C2A4A1400596568 /* lightgrid.swift in Sources */ = {isa = PBXBuildFile; fileRef = 8E7C57531C2A4A1400596568 /* lightgrid.swift */; };
		8E7C57551C2A4A1400596568 /* lightgrid.swift in Sources */ = {isa = PBXBuildFile; fileRef = 8E7C57531C2A4A1400596568 /* lightgrid.swift */; };
/* End PBXBuildFile section */

/* Begin PBXCopyFilesBuildPhase section */
		8E7C57381C2A466700596568 /* CopyFiles */ = {
			isa = PBXCopyFilesBuildPhase;
			buildActionMask = 12;
			dstPath = "";
			dstSubfolderSpec = 16;
			files = (
				8E272F281C2A64ED0010A43E /* day6 input.txt in CopyFiles */,
			);
			runOnlyForDeploymentPostprocessing = 0;
		};
/* End PBXCopyFilesBuildPhase section */

/* Begin PBXFileReference section */
		8E272F261C2A62E60010A43E /* day6 input.txt */ = {isa = PBXFileReference; fileEncoding = 4; lastKnownFileType = text; path = "day6 input.txt"; sourceTree = "<group>"; };
		8E7C573A1C2A466700596568 /* Day 6 */ = {isa = PBXFileReference; explicitFileType = "compiled.mach-o.executable"; includeInIndex = 0; path = "Day 6"; sourceTree = BUILT_PRODUCTS_DIR; };
		8E7C573D1C2A466700596568 /* main.swift */ = {isa = PBXFileReference; lastKnownFileType = sourcecode.swift; path = main.swift; sourceTree = "<group>"; };
		8E7C57481C2A468100596568 /* Day 6 Tests.xctest */ = {isa = PBXFileReference; explicitFileType = wrapper.cfbundle; includeInIndex = 0; path = "Day 6 Tests.xctest"; sourceTree = BUILT_PRODUCTS_DIR; };
		8E7C574A1C2A468100596568 /* Day_6_Tests.swift */ = {isa = PBXFileReference; lastKnownFileType = sourcecode.swift; path = Day_6_Tests.swift; sourceTree = "<group>"; };
		8E7C574C1C2A468100596568 /* Info.plist */ = {isa = PBXFileReference; lastKnownFileType = text.plist.xml; path = Info.plist; sourceTree = "<group>"; };
		8E7C57501C2A4A0600596568 /* parser.swift */ = {isa = PBXFileReference; fileEncoding = 4; lastKnownFileType = sourcecode.swift; path = parser.swift; sourceTree = "<group>"; };
		8E7C57531C2A4A1400596568 /* lightgrid.swift */ = {isa = PBXFileReference; fileEncoding = 4; lastKnownFileType = sourcecode.swift; path = lightgrid.swift; sourceTree = "<group>"; };
/* End PBXFileReference section */

/* Begin PBXFrameworksBuildPhase section */
		8E7C57371C2A466700596568 /* Frameworks */ = {
			isa = PBXFrameworksBuildPhase;
			buildActionMask = 2147483647;
			files = (
			);
			runOnlyForDeploymentPostprocessing = 0;
		};
		8E7C57451C2A468100596568 /* Frameworks */ = {
			isa = PBXFrameworksBuildPhase;
			buildActionMask = 2147483647;
			files = (
			);
			runOnlyForDeploymentPostprocessing = 0;
		};
/* End PBXFrameworksBuildPhase section */

/* Begin PBXGroup section */
		8E7C57311C2A466700596568 = {
			isa = PBXGroup;
			children = (
				8E7C573C1C2A466700596568 /* Day 6 */,
				8E7C57491C2A468100596568 /* Day 6 Tests */,
				8E7C573B1C2A466700596568 /* Products */,
			);
			sourceTree = "<group>";
		};
		8E7C573B1C2A466700596568 /* Products */ = {
			isa = PBXGroup;
			children = (
				8E7C573A1C2A466700596568 /* Day 6 */,
				8E7C57481C2A468100596568 /* Day 6 Tests.xctest */,
			);
			name = Products;
			sourceTree = "<group>";
		};
		8E7C573C1C2A466700596568 /* Day 6 */ = {
			isa = PBXGroup;
			children = (
				8E272F261C2A62E60010A43E /* day6 input.txt */,
				8E7C573D1C2A466700596568 /* main.swift */,
				8E7C57501C2A4A0600596568 /* parser.swift */,
				8E7C57531C2A4A1400596568 /* lightgrid.swift */,
			);
			path = "Day 6";
			sourceTree = "<group>";
		};
		8E7C57491C2A468100596568 /* Day 6 Tests */ = {
			isa = PBXGroup;
			children = (
				8E7C574A1C2A468100596568 /* Day_6_Tests.swift */,
				8E7C574C1C2A468100596568 /* Info.plist */,
			);
			path = "Day 6 Tests";
			sourceTree = "<group>";
		};
/* End PBXGroup section */

/* Begin PBXNativeTarget section */
		8E7C57391C2A466700596568 /* Day 6 */ = {
			isa = PBXNativeTarget;
			buildConfigurationList = 8E7C57411C2A466700596568 /* Build configuration list for PBXNativeTarget "Day 6" */;
			buildPhases = (
				8E7C57361C2A466700596568 /* Sources */,
				8E7C57371C2A466700596568 /* Frameworks */,
				8E7C57381C2A466700596568 /* CopyFiles */,
			);
			buildRules = (
			);
			dependencies = (
			);
			name = "Day 6";
			productName = "Day 6";
			productReference = 8E7C573A1C2A466700596568 /* Day 6 */;
			productType = "com.apple.product-type.tool";
		};
		8E7C57471C2A468100596568 /* Day 6 Tests */ = {
			isa = PBXNativeTarget;
			buildConfigurationList = 8E7C574D1C2A468100596568 /* Build configuration list for PBXNativeTarget "Day 6 Tests" */;
			buildPhases = (
				8E7C57441C2A468100596568 /* Sources */,
				8E7C57451C2A468100596568 /* Frameworks */,
				8E7C57461C2A468100596568 /* Resources */,
			);
			buildRules = (
			);
			dependencies = (
			);
			name = "Day 6 Tests";
			productName = "Day 6 Tests";
			productReference = 8E7C57481C2A468100596568 /* Day 6 Tests.xctest */;
			productType = "com.apple.product-type.bundle.unit-test";
		};
/* End PBXNativeTarget section */

/* Begin PBXProject section */
		8E7C57321C2A466700596568 /* Project object */ = {
			isa = PBXProject;
			attributes = {
				LastSwiftUpdateCheck = 0720;
				LastUpgradeCheck = 0800;
				ORGANIZATIONNAME = "Randy Eckenrode";
				TargetAttributes = {
					8E7C57391C2A466700596568 = {
						CreatedOnToolsVersion = 7.2;
						LastSwiftMigration = 0800;
					};
					8E7C57471C2A468100596568 = {
						CreatedOnToolsVersion = 7.2;
						LastSwiftMigration = 0800;
					};
				};
			};
			buildConfigurationList = 8E7C57351C2A466700596568 /* Build configuration list for PBXProject "Day 6" */;
			compatibilityVersion = "Xcode 3.2";
			developmentRegion = English;
			hasScannedForEncodings = 0;
			knownRegions = (
				en,
			);
			mainGroup = 8E7C57311C2A466700596568;
			productRefGroup = 8E7C573B1C2A466700596568 /* Products */;
			projectDirPath = "";
			projectRoot = "";
			targets = (
				8E7C57391C2A466700596568 /* Day 6 */,
				8E7C57471C2A468100596568 /* Day 6 Tests */,
			);
		};
/* End PBXProject section */

/* Begin PBXResourcesBuildPhase section */
		8E7C57461C2A468100596568 /* Resources */ = {
			isa = PBXResourcesBuildPhase;
			buildActionMask = 2147483647;
			files = (
				8E272F271C2A62E60010A43E /* day6 input.txt in Resources */,
			);
			runOnlyForDeploymentPostprocessing = 0;
		};
/* End PBXResourcesBuildPhase section */

/* Begin PBXSourcesBuildPhase section */
		8E7C57361C2A466700596568 /* Sources */ = {
			isa = PBXSourcesBuildPhase;
			buildActionMask = 2147483647;
			files = (
				8E7C57511C2A4A0600596568 /* parser.swift in Sources */,
				8E7C57541C2A4A1400596568 /* lightgrid.swift in Sources */,
				8E7C573E1C2A466700596568 /* main.swift in Sources */,
			);
			runOnlyForDeploymentPostprocessing = 0;
		};
		8E7C57441C2A468100596568 /* Sources */ = {
			isa = PBXSourcesBuildPhase;
			buildActionMask = 2147483647;
			files = (
				8E7C57521C2A4A0600596568 /* parser.swift in Sources */,
				8E7C57551C2A4A1400596568 /* lightgrid.swift in Sources */,
				8E7C574B1C2A468100596568 /* Day_6_Tests.swift in Sources */,
			);
			runOnlyForDeploymentPostprocessing = 0;
		};
/* End PBXSourcesBuildPhase section */

/* Begin XCBuildConfiguration section */
		8E7C573F1C2A466700596568 /* Debug */ = {
			isa = XCBuildConfiguration;
			buildSettings = {
				ALWAYS_SEARCH_USER_PATHS = NO;
				CLANG_CXX_LANGUAGE_STANDARD = "gnu++0x";
				CLANG_CXX_LIBRARY = "libc++";
				CLANG_ENABLE_MODULES = YES;
				CLANG_ENABLE_OBJC_ARC = YES;
				CLANG_WARN_BOOL_CONVERSION = YES;
				CLANG_WARN_CONSTANT_CONVERSION = YES;
				CLANG_WARN_DIRECT_OBJC_ISA_USAGE = YES_ERROR;
				CLANG_WARN_EMPTY_BODY = YES;
				CLANG_WARN_ENUM_CONVERSION = YES;
				CLANG_WARN_INT_CONVERSION = YES;
				CLANG_WARN_OBJC_ROOT_CLASS = YES_ERROR;
				CLANG_WARN_UNREACHABLE_CODE = YES;
				CLANG_WARN__DUPLICATE_METHOD_MATCH = YES;
				CODE_SIGN_IDENTITY = "-";
				COPY_PHASE_STRIP = NO;
				DEBUG_INFORMATION_FORMAT = dwarf;
				ENABLE_STRICT_OBJC_MSGSEND = YES;
				ENABLE_TESTABILITY = YES;
				GCC_C_LANGUAGE_STANDARD = gnu99;
				GCC_DYNAMIC_NO_PIC = NO;
				GCC_NO_COMMON_BLOCKS = YES;
				GCC_OPTIMIZATION_LEVEL = 0;
				GCC_PREPROCESSOR_DEFINITIONS = (
					"DEBUG=1",
					"$(inherited)",
				);
				GCC_WARN_64_TO_32_BIT_CONVERSION = YES;
				GCC_WARN_ABOUT_RETURN_TYPE = YES_ERROR;
				GCC_WARN_UNDECLARED_SELECTOR = YES;
				GCC_WARN_UNINITIALIZED_AUTOS = YES_AGGRESSIVE;
				GCC_WARN_UNUSED_FUNCTION = YES;
				GCC_WARN_UNUSED_VARIABLE = YES;
				MACOSX_DEPLOYMENT_TARGET = 10.11;
				MTL_ENABLE_DEBUG_INFO = YES;
				ONLY_ACTIVE_ARCH = YES;
				SDKROOT = macosx;
				SWIFT_OPTIMIZATION_LEVEL = "-Onone";
			};
			name = Debug;
		};
		8E7C57401C2A466700596568 /* Release */ = {
			isa = XCBuildConfiguration;
			buildSettings = {
				ALWAYS_SEARCH_USER_PATHS = NO;
				CLANG_CXX_LANGUAGE_STANDARD = "gnu++0x";
				CLANG_CXX_LIBRARY = "libc++";
				CLANG_ENABLE_MODULES = YES;
				CLANG_ENABLE_OBJC_ARC = YES;
				CLANG_WARN_BOOL_CONVERSION = YES;
				CLANG_WARN_CONSTANT_CONVERSION = YES;
				CLANG_WARN_DIRECT_OBJC_ISA_USAGE = YES_ERROR;
				CLANG_WARN_EMPTY_BODY = YES;
				CLANG_WARN_ENUM_CONVERSION = YES;
				CLANG_WARN_INT_CONVERSION = YES;
				CLANG_WARN_OBJC_ROOT_CLASS = YES_ERROR;
				CLANG_WARN_UNREACHABLE_CODE = YES;
				CLANG_WARN__DUPLICATE_METHOD_MATCH = YES;
				CODE_SIGN_IDENTITY = "-";
				COPY_PHASE_STRIP = NO;
				DEBUG_INFORMATION_FORMAT = "dwarf-with-dsym";
				ENABLE_NS_ASSERTIONS = NO;
				ENABLE_STRICT_OBJC_MSGSEND = YES;
				GCC_C_LANGUAGE_STANDARD = gnu99;
				GCC_NO_COMMON_BLOCKS = YES;
				GCC_WARN_64_TO_32_BIT_CONVERSION = YES;
				GCC_WARN_ABOUT_RETURN_TYPE = YES_ERROR;
				GCC_WARN_UNDECLARED_SELECTOR = YES;
				GCC_WARN_UNINITIALIZED_AUTOS = YES_AGGRESSIVE;
				GCC_WARN_UNUSED_FUNCTION = YES;
				GCC_WARN_UNUSED_VARIABLE = YES;
				MACOSX_DEPLOYMENT_TARGET = 10.11;
				MTL_ENABLE_DEBUG_INFO = NO;
				SDKROOT = macosx;
			};
			name = Release;
		};
		8E7C57421C2A466700596568 /* Debug */ = {
			isa = XCBuildConfiguration;
			buildSettings = {
				PRODUCT_NAME = "$(TARGET_NAME)";
				SWIFT_VERSION = 3.0;
			};
			name = Debug;
		};
		8E7C57431C2A466700596568 /* Release */ = {
			isa = XCBuildConfiguration;
			buildSettings = {
				PRODUCT_NAME = "$(TARGET_NAME)";
				SWIFT_OPTIMIZATION_LEVEL = "-Owholemodule";
				SWIFT_VERSION = 3.0;
			};
			name = Release;
		};
		8E7C574E1C2A468100596568 /* Debug */ = {
			isa = XCBuildConfiguration;
			buildSettings = {
				COMBINE_HIDPI_IMAGES = YES;
				INFOPLIST_FILE = "Day 6 Tests/Info.plist";
				LD_RUNPATH_SEARCH_PATHS = "$(inherited) @executable_path/../Frameworks @loader_path/../Frameworks";
				PRODUCT_BUNDLE_IDENTIFIER = "kenada.Day-6-Tests";
				PRODUCT_NAME = "$(TARGET_NAME)";
				SWIFT_VERSION = 3.0;
			};
			name = Debug;
		};
		8E7C574F1C2A468100596568 /* Release */ = {
			isa = XCBuildConfiguration;
			buildSettings = {
				COMBINE_HIDPI_IMAGES = YES;
				INFOPLIST_FILE = "Day 6 Tests/Info.plist";
				LD_RUNPATH_SEARCH_PATHS = "$(inherited) @executable_path/../Frameworks @loader_path/../Frameworks";
				PRODUCT_BUNDLE_IDENTIFIER = "kenada.Day-6-Tests";
				PRODUCT_NAME = "$(TARGET_NAME)";
				SWIFT_OPTIMIZATION_LEVEL = "-Owholemodule";
				SWIFT_VERSION = 3.0;
			};
			name = Release;
		};
/* End XCBuildConfiguration section */

/* Begin XCConfigurationList section */
		8E7C57351C2A466700596568 /* Build configuration list for PBXProject "Day 6" */ = {
			isa = XCConfigurationList;
			buildConfigurations = (
				8E7C573F1C2A466700596568 /* Debug */,
				8E7C57401C2A466700596568 /* Release */,
			);
			defaultConfigurationIsVisible = 0;
			defaultConfigurationName = Release;
		};
		8E7C57411C2A466700596568 /* Build configuration list for PBXNativeTarget "Day 6" */ = {
			isa = XCConfigurationList;
			buildConfigurations = (
				8E7C57421C2A466700596568 /* Debug */,
				8E7C57431C2A466700596568 /* Release */,
			);
			defaultConfigurationIsVisible = 0;
			defaultConfigurationName = Release;
		};
		8E7C574D1C2A468100596568 /* Build configuration list for PBXNativeTarget "Day 6 Tests" */ = {
			isa = XCConfigurationList;
			buildConfigurations = (
				8E7C574E1C2A468100596568 /* Debug */,
				8E7C574F1C2A468100596568 /* Release */,
			);
			defaultConfigurationIsVisible = 0;
			defaultConfigurationName = Release;
		};
/* End XCConfigurationList section */
	};
	rootObject = 8E7C57321C2A466700596568 /* Project object */;
}
