// !$*UTF8*$!
{
	archiveVersion = 1;
	classes = {
	};
	objectVersion = 46;
	objects = {

/* Begin PBXBuildFile section */
		8E37E35E1DCEA944009FDEFD /* main.swift in Sources */ = {isa = PBXBuildFile; fileRef = 8E37E35D1DCEA944009FDEFD /* main.swift */; };
		8E37E36D1DCEA999009FDEFD /* Day_12_Tests.swift in Sources */ = {isa = PBXBuildFile; fileRef = 8E37E36C1DCEA999009FDEFD /* Day_12_Tests.swift */; };
		8EEF12431DCEAFDD00B4453B /* support.swift in Sources */ = {isa = PBXBuildFile; fileRef = 8EEF12421DCEAFDD00B4453B /* support.swift */; };
		8EEF12441DCEAFDD00B4453B /* support.swift in Sources */ = {isa = PBXBuildFile; fileRef = 8EEF12421DCEAFDD00B4453B /* support.swift */; };
/* End PBXBuildFile section */

/* Begin PBXCopyFilesBuildPhase section */
		8E37E3581DCEA944009FDEFD /* CopyFiles */ = {
			isa = PBXCopyFilesBuildPhase;
			buildActionMask = 2147483647;
			dstPath = /usr/share/man/man1/;
			dstSubfolderSpec = 0;
			files = (
			);
			runOnlyForDeploymentPostprocessing = 1;
		};
/* End PBXCopyFilesBuildPhase section */

/* Begin PBXFileReference section */
		8E37E35A1DCEA944009FDEFD /* Day 12 */ = {isa = PBXFileReference; explicitFileType = "compiled.mach-o.executable"; includeInIndex = 0; path = "Day 12"; sourceTree = BUILT_PRODUCTS_DIR; };
		8E37E35D1DCEA944009FDEFD /* main.swift */ = {isa = PBXFileReference; lastKnownFileType = sourcecode.swift; path = main.swift; sourceTree = "<group>"; };
		8E37E36A1DCEA999009FDEFD /* Day 12 Tests.xctest */ = {isa = PBXFileReference; explicitFileType = wrapper.cfbundle; includeInIndex = 0; path = "Day 12 Tests.xctest"; sourceTree = BUILT_PRODUCTS_DIR; };
		8E37E36C1DCEA999009FDEFD /* Day_12_Tests.swift */ = {isa = PBXFileReference; lastKnownFileType = sourcecode.swift; path = Day_12_Tests.swift; sourceTree = "<group>"; };
		8E37E36E1DCEA999009FDEFD /* Info.plist */ = {isa = PBXFileReference; lastKnownFileType = text.plist.xml; path = Info.plist; sourceTree = "<group>"; };
		8EEF12421DCEAFDD00B4453B /* support.swift */ = {isa = PBXFileReference; fileEncoding = 4; lastKnownFileType = sourcecode.swift; path = support.swift; sourceTree = "<group>"; };
/* End PBXFileReference section */

/* Begin PBXFrameworksBuildPhase section */
		8E37E3571DCEA944009FDEFD /* Frameworks */ = {
			isa = PBXFrameworksBuildPhase;
			buildActionMask = 2147483647;
			files = (
			);
			runOnlyForDeploymentPostprocessing = 0;
		};
		8E37E3671DCEA999009FDEFD /* Frameworks */ = {
			isa = PBXFrameworksBuildPhase;
			buildActionMask = 2147483647;
			files = (
			);
			runOnlyForDeploymentPostprocessing = 0;
		};
/* End PBXFrameworksBuildPhase section */

/* Begin PBXGroup section */
		8E37E3511DCEA944009FDEFD = {
			isa = PBXGroup;
			children = (
				8E37E35C1DCEA944009FDEFD /* Day 12 */,
				8E37E36B1DCEA999009FDEFD /* Day 12 Tests */,
				8E37E35B1DCEA944009FDEFD /* Products */,
			);
			sourceTree = "<group>";
		};
		8E37E35B1DCEA944009FDEFD /* Products */ = {
			isa = PBXGroup;
			children = (
				8E37E35A1DCEA944009FDEFD /* Day 12 */,
				8E37E36A1DCEA999009FDEFD /* Day 12 Tests.xctest */,
			);
			name = Products;
			sourceTree = "<group>";
		};
		8E37E35C1DCEA944009FDEFD /* Day 12 */ = {
			isa = PBXGroup;
			children = (
				8E37E35D1DCEA944009FDEFD /* main.swift */,
				8EEF12421DCEAFDD00B4453B /* support.swift */,
			);
			path = "Day 12";
			sourceTree = "<group>";
		};
		8E37E36B1DCEA999009FDEFD /* Day 12 Tests */ = {
			isa = PBXGroup;
			children = (
				8E37E36C1DCEA999009FDEFD /* Day_12_Tests.swift */,
				8E37E36E1DCEA999009FDEFD /* Info.plist */,
			);
			path = "Day 12 Tests";
			sourceTree = "<group>";
		};
/* End PBXGroup section */

/* Begin PBXNativeTarget section */
		8E37E3591DCEA944009FDEFD /* Day 12 */ = {
			isa = PBXNativeTarget;
			buildConfigurationList = 8E37E3611DCEA944009FDEFD /* Build configuration list for PBXNativeTarget "Day 12" */;
			buildPhases = (
				8E37E3561DCEA944009FDEFD /* Sources */,
				8E37E3571DCEA944009FDEFD /* Frameworks */,
				8E37E3581DCEA944009FDEFD /* CopyFiles */,
			);
			buildRules = (
			);
			dependencies = (
			);
			name = "Day 12";
			productName = "Day 12";
			productReference = 8E37E35A1DCEA944009FDEFD /* Day 12 */;
			productType = "com.apple.product-type.tool";
		};
		8E37E3691DCEA999009FDEFD /* Day 12 Tests */ = {
			isa = PBXNativeTarget;
			buildConfigurationList = 8E37E36F1DCEA999009FDEFD /* Build configuration list for PBXNativeTarget "Day 12 Tests" */;
			buildPhases = (
				8E37E3661DCEA999009FDEFD /* Sources */,
				8E37E3671DCEA999009FDEFD /* Frameworks */,
				8E37E3681DCEA999009FDEFD /* Resources */,
			);
			buildRules = (
			);
			dependencies = (
			);
			name = "Day 12 Tests";
			productName = "Day 12 Tests";
			productReference = 8E37E36A1DCEA999009FDEFD /* Day 12 Tests.xctest */;
			productType = "com.apple.product-type.bundle.unit-test";
		};
/* End PBXNativeTarget section */

/* Begin PBXProject section */
		8E37E3521DCEA944009FDEFD /* Project object */ = {
			isa = PBXProject;
			attributes = {
				LastSwiftUpdateCheck = 0810;
				LastUpgradeCheck = 0810;
				ORGANIZATIONNAME = "Randy Eckenrode";
				TargetAttributes = {
					8E37E3591DCEA944009FDEFD = {
						CreatedOnToolsVersion = 8.1;
						DevelopmentTeam = CUE75WLJ78;
						ProvisioningStyle = Automatic;
					};
					8E37E3691DCEA999009FDEFD = {
						CreatedOnToolsVersion = 8.1;
						DevelopmentTeam = CUE75WLJ78;
						ProvisioningStyle = Automatic;
					};
				};
			};
			buildConfigurationList = 8E37E3551DCEA944009FDEFD /* Build configuration list for PBXProject "Day 12" */;
			compatibilityVersion = "Xcode 3.2";
			developmentRegion = English;
			hasScannedForEncodings = 0;
			knownRegions = (
				en,
			);
			mainGroup = 8E37E3511DCEA944009FDEFD;
			productRefGroup = 8E37E35B1DCEA944009FDEFD /* Products */;
			projectDirPath = "";
			projectRoot = "";
			targets = (
				8E37E3591DCEA944009FDEFD /* Day 12 */,
				8E37E3691DCEA999009FDEFD /* Day 12 Tests */,
			);
		};
/* End PBXProject section */

/* Begin PBXResourcesBuildPhase section */
		8E37E3681DCEA999009FDEFD /* Resources */ = {
			isa = PBXResourcesBuildPhase;
			buildActionMask = 2147483647;
			files = (
			);
			runOnlyForDeploymentPostprocessing = 0;
		};
/* End PBXResourcesBuildPhase section */

/* Begin PBXSourcesBuildPhase section */
		8E37E3561DCEA944009FDEFD /* Sources */ = {
			isa = PBXSourcesBuildPhase;
			buildActionMask = 2147483647;
			files = (
				8E37E35E1DCEA944009FDEFD /* main.swift in Sources */,
				8EEF12431DCEAFDD00B4453B /* support.swift in Sources */,
			);
			runOnlyForDeploymentPostprocessing = 0;
		};
		8E37E3661DCEA999009FDEFD /* Sources */ = {
			isa = PBXSourcesBuildPhase;
			buildActionMask = 2147483647;
			files = (
				8E37E36D1DCEA999009FDEFD /* Day_12_Tests.swift in Sources */,
				8EEF12441DCEAFDD00B4453B /* support.swift in Sources */,
			);
			runOnlyForDeploymentPostprocessing = 0;
		};
/* End PBXSourcesBuildPhase section */

/* Begin XCBuildConfiguration section */
		8E37E35F1DCEA944009FDEFD /* Debug */ = {
			isa = XCBuildConfiguration;
			buildSettings = {
				ALWAYS_SEARCH_USER_PATHS = NO;
				CLANG_ANALYZER_NONNULL = YES;
				CLANG_CXX_LANGUAGE_STANDARD = "gnu++0x";
				CLANG_CXX_LIBRARY = "libc++";
				CLANG_ENABLE_MODULES = YES;
				CLANG_ENABLE_OBJC_ARC = YES;
				CLANG_WARN_BOOL_CONVERSION = YES;
				CLANG_WARN_CONSTANT_CONVERSION = YES;
				CLANG_WARN_DIRECT_OBJC_ISA_USAGE = YES_ERROR;
				CLANG_WARN_DOCUMENTATION_COMMENTS = YES;
				CLANG_WARN_EMPTY_BODY = YES;
				CLANG_WARN_ENUM_CONVERSION = YES;
				CLANG_WARN_INFINITE_RECURSION = YES;
				CLANG_WARN_INT_CONVERSION = YES;
				CLANG_WARN_OBJC_ROOT_CLASS = YES_ERROR;
				CLANG_WARN_SUSPICIOUS_MOVES = YES;
				CLANG_WARN_UNREACHABLE_CODE = YES;
				CLANG_WARN__DUPLICATE_METHOD_MATCH = YES;
				CODE_SIGN_IDENTITY = "-";
				COPY_PHASE_STRIP = NO;
				DEBUG_INFORMATION_FORMAT = dwarf;
				ENABLE_STRICT_OBJC_MSGSEND = YES;
				ENABLE_TESTABILITY = YES;
				GCC_C_LANGUAGE_STANDARD = gnu99;
				GCC_DYNAMIC_NO_PIC = NO;
				GCC_NO_COMMON_BLOCKS = YES;
				GCC_OPTIMIZATION_LEVEL = 0;
				GCC_PREPROCESSOR_DEFINITIONS = (
					"DEBUG=1",
					"$(inherited)",
				);
				GCC_WARN_64_TO_32_BIT_CONVERSION = YES;
				GCC_WARN_ABOUT_RETURN_TYPE = YES_ERROR;
				GCC_WARN_UNDECLARED_SELECTOR = YES;
				GCC_WARN_UNINITIALIZED_AUTOS = YES_AGGRESSIVE;
				GCC_WARN_UNUSED_FUNCTION = YES;
				GCC_WARN_UNUSED_VARIABLE = YES;
				MACOSX_DEPLOYMENT_TARGET = 10.12;
				MTL_ENABLE_DEBUG_INFO = YES;
				ONLY_ACTIVE_ARCH = YES;
				SDKROOT = macosx;
				SWIFT_OPTIMIZATION_LEVEL = "-Onone";
			};
			name = Debug;
		};
		8E37E3601DCEA944009FDEFD /* Release */ = {
			isa = XCBuildConfiguration;
			buildSettings = {
				ALWAYS_SEARCH_USER_PATHS = NO;
				CLANG_ANALYZER_NONNULL = YES;
				CLANG_CXX_LANGUAGE_STANDARD = "gnu++0x";
				CLANG_CXX_LIBRARY = "libc++";
				CLANG_ENABLE_MODULES = YES;
				CLANG_ENABLE_OBJC_ARC = YES;
				CLANG_WARN_BOOL_CONVERSION = YES;
				CLANG_WARN_CONSTANT_CONVERSION = YES;
				CLANG_WARN_DIRECT_OBJC_ISA_USAGE = YES_ERROR;
				CLANG_WARN_DOCUMENTATION_COMMENTS = YES;
				CLANG_WARN_EMPTY_BODY = YES;
				CLANG_WARN_ENUM_CONVERSION = YES;
				CLANG_WARN_INFINITE_RECURSION = YES;
				CLANG_WARN_INT_CONVERSION = YES;
				CLANG_WARN_OBJC_ROOT_CLASS = YES_ERROR;
				CLANG_WARN_SUSPICIOUS_MOVES = YES;
				CLANG_WARN_UNREACHABLE_CODE = YES;
				CLANG_WARN__DUPLICATE_METHOD_MATCH = YES;
				CODE_SIGN_IDENTITY = "-";
				COPY_PHASE_STRIP = NO;
				DEBUG_INFORMATION_FORMAT = "dwarf-with-dsym";
				ENABLE_NS_ASSERTIONS = NO;
				ENABLE_STRICT_OBJC_MSGSEND = YES;
				GCC_C_LANGUAGE_STANDARD = gnu99;
				GCC_NO_COMMON_BLOCKS = YES;
				GCC_WARN_64_TO_32_BIT_CONVERSION = YES;
				GCC_WARN_ABOUT_RETURN_TYPE = YES_ERROR;
				GCC_WARN_UNDECLARED_SELECTOR = YES;
				GCC_WARN_UNINITIALIZED_AUTOS = YES_AGGRESSIVE;
				GCC_WARN_UNUSED_FUNCTION = YES;
				GCC_WARN_UNUSED_VARIABLE = YES;
				MACOSX_DEPLOYMENT_TARGET = 10.12;
				MTL_ENABLE_DEBUG_INFO = NO;
				SDKROOT = macosx;
			};
			name = Release;
		};
		8E37E3621DCEA944009FDEFD /* Debug */ = {
			isa = XCBuildConfiguration;
			buildSettings = {
				DEVELOPMENT_TEAM = CUE75WLJ78;
				PRODUCT_NAME = "$(TARGET_NAME)";
				SWIFT_VERSION = 3.0;
			};
			name = Debug;
		};
		8E37E3631DCEA944009FDEFD /* Release */ = {
			isa = XCBuildConfiguration;
			buildSettings = {
				DEVELOPMENT_TEAM = CUE75WLJ78;
				PRODUCT_NAME = "$(TARGET_NAME)";
				SWIFT_VERSION = 3.0;
			};
			name = Release;
		};
		8E37E3701DCEA999009FDEFD /* Debug */ = {
			isa = XCBuildConfiguration;
			buildSettings = {
				COMBINE_HIDPI_IMAGES = YES;
				DEVELOPMENT_TEAM = CUE75WLJ78;
				INFOPLIST_FILE = "Day 12 Tests/Info.plist";
				LD_RUNPATH_SEARCH_PATHS = "$(inherited) @executable_path/../Frameworks @loader_path/../Frameworks";
				PRODUCT_BUNDLE_IDENTIFIER = "com.largeandhighquality.Day-12-Tests";
				PRODUCT_NAME = "$(TARGET_NAME)";
				SWIFT_ACTIVE_COMPILATION_CONDITIONS = DEBUG;
				SWIFT_VERSION = 3.0;
			};
			name = Debug;
		};
		8E37E3711DCEA999009FDEFD /* Release */ = {
			isa = XCBuildConfiguration;
			buildSettings = {
				COMBINE_HIDPI_IMAGES = YES;
				DEVELOPMENT_TEAM = CUE75WLJ78;
				INFOPLIST_FILE = "Day 12 Tests/Info.plist";
				LD_RUNPATH_SEARCH_PATHS = "$(inherited) @executable_path/../Frameworks @loader_path/../Frameworks";
				PRODUCT_BUNDLE_IDENTIFIER = "com.largeandhighquality.Day-12-Tests";
				PRODUCT_NAME = "$(TARGET_NAME)";
				SWIFT_OPTIMIZATION_LEVEL = "-Owholemodule";
				SWIFT_VERSION = 3.0;
			};
			name = Release;
		};
/* End XCBuildConfiguration section */

/* Begin XCConfigurationList section */
		8E37E3551DCEA944009FDEFD /* Build configuration list for PBXProject "Day 12" */ = {
			isa = XCConfigurationList;
			buildConfigurations = (
				8E37E35F1DCEA944009FDEFD /* Debug */,
				8E37E3601DCEA944009FDEFD /* Release */,
			);
			defaultConfigurationIsVisible = 0;
			defaultConfigurationName = Release;
		};
		8E37E3611DCEA944009FDEFD /* Build configuration list for PBXNativeTarget "Day 12" */ = {
			isa = XCConfigurationList;
			buildConfigurations = (
				8E37E3621DCEA944009FDEFD /* Debug */,
				8E37E3631DCEA944009FDEFD /* Release */,
			);
			defaultConfigurationIsVisible = 0;
			defaultConfigurationName = Release;
		};
		8E37E36F1DCEA999009FDEFD /* Build configuration list for PBXNativeTarget "Day 12 Tests" */ = {
			isa = XCConfigurationList;
			buildConfigurations = (
				8E37E3701DCEA999009FDEFD /* Debug */,
				8E37E3711DCEA999009FDEFD /* Release */,
			);
			defaultConfigurationIsVisible = 0;
			defaultConfigurationName = Release;
		};
/* End XCConfigurationList section */
	};
	rootObject = 8E37E3521DCEA944009FDEFD /* Project object */;
}
